// !$*UTF8*$!
{
	archiveVersion = 1;
	classes = {
	};
	objectVersion = 56;
	objects = {

/* Begin PBXBuildFile section */
		4AD15A992AB330FD0063EF62 /* merchantApp.swift in Sources */ = {isa = PBXBuildFile; fileRef = 4AD15A982AB330FD0063EF62 /* merchantApp.swift */; };
		4AD15A9B2AB330FD0063EF62 /* ContentView.swift in Sources */ = {isa = PBXBuildFile; fileRef = 4AD15A9A2AB330FD0063EF62 /* ContentView.swift */; };
		4AD15A9D2AB330FE0063EF62 /* Assets.xcassets in Resources */ = {isa = PBXBuildFile; fileRef = 4AD15A9C2AB330FE0063EF62 /* Assets.xcassets */; };
		4AD15AA02AB330FE0063EF62 /* Preview Assets.xcassets in Resources */ = {isa = PBXBuildFile; fileRef = 4AD15A9F2AB330FE0063EF62 /* Preview Assets.xcassets */; };
		4AD15AAA2AB330FE0063EF62 /* merchantTests.swift in Sources */ = {isa = PBXBuildFile; fileRef = 4AD15AA92AB330FE0063EF62 /* merchantTests.swift */; };
		4AD15AB42AB330FE0063EF62 /* merchantUITests.swift in Sources */ = {isa = PBXBuildFile; fileRef = 4AD15AB32AB330FE0063EF62 /* merchantUITests.swift */; };
		4AD15AB62AB330FE0063EF62 /* merchantUITestsLaunchTests.swift in Sources */ = {isa = PBXBuildFile; fileRef = 4AD15AB52AB330FE0063EF62 /* merchantUITestsLaunchTests.swift */; };
		4AD15AC32AB3457D0063EF62 /* Food.swift in Sources */ = {isa = PBXBuildFile; fileRef = 4AD15AC22AB3457D0063EF62 /* Food.swift */; };
		4AD15AC52AB3515B0063EF62 /* FoodViewModel.swift in Sources */ = {isa = PBXBuildFile; fileRef = 4AD15AC42AB3515B0063EF62 /* FoodViewModel.swift */; };
		4AD15AC82AB3715B0063EF62 /* Montserrat-ExtraLight.ttf in Resources */ = {isa = PBXBuildFile; fileRef = 4AD15AC72AB3715B0063EF62 /* Montserrat-ExtraLight.ttf */; };
		4AD15AC92AB3715B0063EF62 /* Montserrat-ExtraLight.ttf in Resources */ = {isa = PBXBuildFile; fileRef = 4AD15AC72AB3715B0063EF62 /* Montserrat-ExtraLight.ttf */; };
		4AD15ACA2AB3715B0063EF62 /* Montserrat-ExtraLight.ttf in Resources */ = {isa = PBXBuildFile; fileRef = 4AD15AC72AB3715B0063EF62 /* Montserrat-ExtraLight.ttf */; };
		4AD15ACD2AB376A10063EF62 /* OrderView.swift in Sources */ = {isa = PBXBuildFile; fileRef = 4AD15ACC2AB376A10063EF62 /* OrderView.swift */; };
		4AD15ACE2AB376A10063EF62 /* OrderView.swift in Sources */ = {isa = PBXBuildFile; fileRef = 4AD15ACC2AB376A10063EF62 /* OrderView.swift */; };
		4AD15ACF2AB376A10063EF62 /* OrderView.swift in Sources */ = {isa = PBXBuildFile; fileRef = 4AD15ACC2AB376A10063EF62 /* OrderView.swift */; };
		4AD15AD12AB376B00063EF62 /* CouponView.swift in Sources */ = {isa = PBXBuildFile; fileRef = 4AD15AD02AB376B00063EF62 /* CouponView.swift */; };
		4AD15AD22AB376B00063EF62 /* CouponView.swift in Sources */ = {isa = PBXBuildFile; fileRef = 4AD15AD02AB376B00063EF62 /* CouponView.swift */; };
		4AD15AD32AB376B00063EF62 /* CouponView.swift in Sources */ = {isa = PBXBuildFile; fileRef = 4AD15AD02AB376B00063EF62 /* CouponView.swift */; };
/* End PBXBuildFile section */

/* Begin PBXContainerItemProxy section */
		4AD15AA62AB330FE0063EF62 /* PBXContainerItemProxy */ = {
			isa = PBXContainerItemProxy;
			containerPortal = 4AD15A8D2AB330FD0063EF62 /* Project object */;
			proxyType = 1;
			remoteGlobalIDString = 4AD15A942AB330FD0063EF62;
			remoteInfo = merchant;
		};
		4AD15AB02AB330FE0063EF62 /* PBXContainerItemProxy */ = {
			isa = PBXContainerItemProxy;
			containerPortal = 4AD15A8D2AB330FD0063EF62 /* Project object */;
			proxyType = 1;
			remoteGlobalIDString = 4AD15A942AB330FD0063EF62;
			remoteInfo = merchant;
		};
/* End PBXContainerItemProxy section */

/* Begin PBXFileReference section */
		4AD15A952AB330FD0063EF62 /* merchant.app */ = {isa = PBXFileReference; explicitFileType = wrapper.application; includeInIndex = 0; path = merchant.app; sourceTree = BUILT_PRODUCTS_DIR; };
		4AD15A982AB330FD0063EF62 /* merchantApp.swift */ = {isa = PBXFileReference; lastKnownFileType = sourcecode.swift; path = merchantApp.swift; sourceTree = "<group>"; };
		4AD15A9A2AB330FD0063EF62 /* ContentView.swift */ = {isa = PBXFileReference; lastKnownFileType = sourcecode.swift; path = ContentView.swift; sourceTree = "<group>"; };
		4AD15A9C2AB330FE0063EF62 /* Assets.xcassets */ = {isa = PBXFileReference; lastKnownFileType = folder.assetcatalog; path = Assets.xcassets; sourceTree = "<group>"; };
		4AD15A9F2AB330FE0063EF62 /* Preview Assets.xcassets */ = {isa = PBXFileReference; lastKnownFileType = folder.assetcatalog; path = "Preview Assets.xcassets"; sourceTree = "<group>"; };
		4AD15AA52AB330FE0063EF62 /* merchantTests.xctest */ = {isa = PBXFileReference; explicitFileType = wrapper.cfbundle; includeInIndex = 0; path = merchantTests.xctest; sourceTree = BUILT_PRODUCTS_DIR; };
		4AD15AA92AB330FE0063EF62 /* merchantTests.swift */ = {isa = PBXFileReference; lastKnownFileType = sourcecode.swift; path = merchantTests.swift; sourceTree = "<group>"; };
		4AD15AAF2AB330FE0063EF62 /* merchantUITests.xctest */ = {isa = PBXFileReference; explicitFileType = wrapper.cfbundle; includeInIndex = 0; path = merchantUITests.xctest; sourceTree = BUILT_PRODUCTS_DIR; };
		4AD15AB32AB330FE0063EF62 /* merchantUITests.swift */ = {isa = PBXFileReference; lastKnownFileType = sourcecode.swift; path = merchantUITests.swift; sourceTree = "<group>"; };
		4AD15AB52AB330FE0063EF62 /* merchantUITestsLaunchTests.swift */ = {isa = PBXFileReference; lastKnownFileType = sourcecode.swift; path = merchantUITestsLaunchTests.swift; sourceTree = "<group>"; };
		4AD15AC22AB3457D0063EF62 /* Food.swift */ = {isa = PBXFileReference; lastKnownFileType = sourcecode.swift; path = Food.swift; sourceTree = "<group>"; };
		4AD15AC42AB3515B0063EF62 /* FoodViewModel.swift */ = {isa = PBXFileReference; lastKnownFileType = sourcecode.swift; path = FoodViewModel.swift; sourceTree = "<group>"; };
		4AD15AC72AB3715B0063EF62 /* Montserrat-ExtraLight.ttf */ = {isa = PBXFileReference; lastKnownFileType = file; path = "Montserrat-ExtraLight.ttf"; sourceTree = "<group>"; };
		4AD15ACB2AB371810063EF62 /* Info.plist */ = {isa = PBXFileReference; lastKnownFileType = text.plist; path = Info.plist; sourceTree = "<group>"; };
		4AD15ACC2AB376A10063EF62 /* OrderView.swift */ = {isa = PBXFileReference; lastKnownFileType = sourcecode.swift; path = OrderView.swift; sourceTree = "<group>"; };
		4AD15AD02AB376B00063EF62 /* CouponView.swift */ = {isa = PBXFileReference; lastKnownFileType = sourcecode.swift; path = CouponView.swift; sourceTree = "<group>"; };
/* End PBXFileReference section */

/* Begin PBXFrameworksBuildPhase section */
		4AD15A922AB330FD0063EF62 /* Frameworks */ = {
			isa = PBXFrameworksBuildPhase;
			buildActionMask = 2147483647;
			files = (
			);
			runOnlyForDeploymentPostprocessing = 0;
		};
		4AD15AA22AB330FE0063EF62 /* Frameworks */ = {
			isa = PBXFrameworksBuildPhase;
			buildActionMask = 2147483647;
			files = (
			);
			runOnlyForDeploymentPostprocessing = 0;
		};
		4AD15AAC2AB330FE0063EF62 /* Frameworks */ = {
			isa = PBXFrameworksBuildPhase;
			buildActionMask = 2147483647;
			files = (
			);
			runOnlyForDeploymentPostprocessing = 0;
		};
/* End PBXFrameworksBuildPhase section */

/* Begin PBXGroup section */
		4AD15A8C2AB330FD0063EF62 = {
			isa = PBXGroup;
			children = (
				4AD15A972AB330FD0063EF62 /* merchant */,
				4AD15AA82AB330FE0063EF62 /* merchantTests */,
				4AD15AB22AB330FE0063EF62 /* merchantUITests */,
				4AD15A962AB330FD0063EF62 /* Products */,
			);
			sourceTree = "<group>";
		};
		4AD15A962AB330FD0063EF62 /* Products */ = {
			isa = PBXGroup;
			children = (
				4AD15A952AB330FD0063EF62 /* merchant.app */,
				4AD15AA52AB330FE0063EF62 /* merchantTests.xctest */,
				4AD15AAF2AB330FE0063EF62 /* merchantUITests.xctest */,
			);
			name = Products;
			sourceTree = "<group>";
		};
		4AD15A972AB330FD0063EF62 /* merchant */ = {
			isa = PBXGroup;
			children = (
				4AD15ACB2AB371810063EF62 /* Info.plist */,
				4AD15AC62AB371490063EF62 /* Font */,
				4AD15A982AB330FD0063EF62 /* merchantApp.swift */,
				4AD15AC42AB3515B0063EF62 /* FoodViewModel.swift */,
				4AD15A9A2AB330FD0063EF62 /* ContentView.swift */,
				4AD15AD02AB376B00063EF62 /* CouponView.swift */,
				4AD15ACC2AB376A10063EF62 /* OrderView.swift */,
				4AD15AC22AB3457D0063EF62 /* Food.swift */,
				4AD15A9C2AB330FE0063EF62 /* Assets.xcassets */,
				4AD15A9E2AB330FE0063EF62 /* Preview Content */,
			);
			path = merchant;
			sourceTree = "<group>";
		};
		4AD15A9E2AB330FE0063EF62 /* Preview Content */ = {
			isa = PBXGroup;
			children = (
				4AD15A9F2AB330FE0063EF62 /* Preview Assets.xcassets */,
			);
			path = "Preview Content";
			sourceTree = "<group>";
		};
		4AD15AA82AB330FE0063EF62 /* merchantTests */ = {
			isa = PBXGroup;
			children = (
				4AD15AA92AB330FE0063EF62 /* merchantTests.swift */,
			);
			path = merchantTests;
			sourceTree = "<group>";
		};
		4AD15AB22AB330FE0063EF62 /* merchantUITests */ = {
			isa = PBXGroup;
			children = (
				4AD15AB32AB330FE0063EF62 /* merchantUITests.swift */,
				4AD15AB52AB330FE0063EF62 /* merchantUITestsLaunchTests.swift */,
			);
			path = merchantUITests;
			sourceTree = "<group>";
		};
		4AD15AC62AB371490063EF62 /* Font */ = {
			isa = PBXGroup;
			children = (
				4AD15AC72AB3715B0063EF62 /* Montserrat-ExtraLight.ttf */,
			);
			path = Font;
			sourceTree = "<group>";
		};
/* End PBXGroup section */

/* Begin PBXNativeTarget section */
		4AD15A942AB330FD0063EF62 /* merchant */ = {
			isa = PBXNativeTarget;
			buildConfigurationList = 4AD15AB92AB330FE0063EF62 /* Build configuration list for PBXNativeTarget "merchant" */;
			buildPhases = (
				4AD15A912AB330FD0063EF62 /* Sources */,
				4AD15A922AB330FD0063EF62 /* Frameworks */,
				4AD15A932AB330FD0063EF62 /* Resources */,
			);
			buildRules = (
			);
			dependencies = (
			);
			name = merchant;
			productName = merchant;
			productReference = 4AD15A952AB330FD0063EF62 /* merchant.app */;
			productType = "com.apple.product-type.application";
		};
		4AD15AA42AB330FE0063EF62 /* merchantTests */ = {
			isa = PBXNativeTarget;
			buildConfigurationList = 4AD15ABC2AB330FE0063EF62 /* Build configuration list for PBXNativeTarget "merchantTests" */;
			buildPhases = (
				4AD15AA12AB330FE0063EF62 /* Sources */,
				4AD15AA22AB330FE0063EF62 /* Frameworks */,
				4AD15AA32AB330FE0063EF62 /* Resources */,
			);
			buildRules = (
			);
			dependencies = (
				4AD15AA72AB330FE0063EF62 /* PBXTargetDependency */,
			);
			name = merchantTests;
			productName = merchantTests;
			productReference = 4AD15AA52AB330FE0063EF62 /* merchantTests.xctest */;
			productType = "com.apple.product-type.bundle.unit-test";
		};
		4AD15AAE2AB330FE0063EF62 /* merchantUITests */ = {
			isa = PBXNativeTarget;
			buildConfigurationList = 4AD15ABF2AB330FE0063EF62 /* Build configuration list for PBXNativeTarget "merchantUITests" */;
			buildPhases = (
				4AD15AAB2AB330FE0063EF62 /* Sources */,
				4AD15AAC2AB330FE0063EF62 /* Frameworks */,
				4AD15AAD2AB330FE0063EF62 /* Resources */,
			);
			buildRules = (
			);
			dependencies = (
				4AD15AB12AB330FE0063EF62 /* PBXTargetDependency */,
			);
			name = merchantUITests;
			productName = merchantUITests;
			productReference = 4AD15AAF2AB330FE0063EF62 /* merchantUITests.xctest */;
			productType = "com.apple.product-type.bundle.ui-testing";
		};
/* End PBXNativeTarget section */

/* Begin PBXProject section */
		4AD15A8D2AB330FD0063EF62 /* Project object */ = {
			isa = PBXProject;
			attributes = {
				BuildIndependentTargetsInParallel = 1;
				LastSwiftUpdateCheck = 1430;
				LastUpgradeCheck = 1430;
				TargetAttributes = {
					4AD15A942AB330FD0063EF62 = {
						CreatedOnToolsVersion = 14.3;
					};
					4AD15AA42AB330FE0063EF62 = {
						CreatedOnToolsVersion = 14.3;
						TestTargetID = 4AD15A942AB330FD0063EF62;
					};
					4AD15AAE2AB330FE0063EF62 = {
						CreatedOnToolsVersion = 14.3;
						TestTargetID = 4AD15A942AB330FD0063EF62;
					};
				};
			};
			buildConfigurationList = 4AD15A902AB330FD0063EF62 /* Build configuration list for PBXProject "merchant" */;
			compatibilityVersion = "Xcode 14.0";
			developmentRegion = en;
			hasScannedForEncodings = 0;
			knownRegions = (
				en,
				Base,
			);
			mainGroup = 4AD15A8C2AB330FD0063EF62;
			productRefGroup = 4AD15A962AB330FD0063EF62 /* Products */;
			projectDirPath = "";
			projectRoot = "";
			targets = (
				4AD15A942AB330FD0063EF62 /* merchant */,
				4AD15AA42AB330FE0063EF62 /* merchantTests */,
				4AD15AAE2AB330FE0063EF62 /* merchantUITests */,
			);
		};
/* End PBXProject section */

/* Begin PBXResourcesBuildPhase section */
		4AD15A932AB330FD0063EF62 /* Resources */ = {
			isa = PBXResourcesBuildPhase;
			buildActionMask = 2147483647;
			files = (
				4AD15AA02AB330FE0063EF62 /* Preview Assets.xcassets in Resources */,
				4AD15AC82AB3715B0063EF62 /* Montserrat-ExtraLight.ttf in Resources */,
				4AD15A9D2AB330FE0063EF62 /* Assets.xcassets in Resources */,
			);
			runOnlyForDeploymentPostprocessing = 0;
		};
		4AD15AA32AB330FE0063EF62 /* Resources */ = {
			isa = PBXResourcesBuildPhase;
			buildActionMask = 2147483647;
			files = (
				4AD15AC92AB3715B0063EF62 /* Montserrat-ExtraLight.ttf in Resources */,
			);
			runOnlyForDeploymentPostprocessing = 0;
		};
		4AD15AAD2AB330FE0063EF62 /* Resources */ = {
			isa = PBXResourcesBuildPhase;
			buildActionMask = 2147483647;
			files = (
				4AD15ACA2AB3715B0063EF62 /* Montserrat-ExtraLight.ttf in Resources */,
			);
			runOnlyForDeploymentPostprocessing = 0;
		};
/* End PBXResourcesBuildPhase section */

/* Begin PBXSourcesBuildPhase section */
		4AD15A912AB330FD0063EF62 /* Sources */ = {
			isa = PBXSourcesBuildPhase;
			buildActionMask = 2147483647;
			files = (
				4AD15AD12AB376B00063EF62 /* CouponView.swift in Sources */,
				4AD15A9B2AB330FD0063EF62 /* ContentView.swift in Sources */,
				4AD15A992AB330FD0063EF62 /* merchantApp.swift in Sources */,
				4AD15AC52AB3515B0063EF62 /* FoodViewModel.swift in Sources */,
				4AD15AC32AB3457D0063EF62 /* Food.swift in Sources */,
				4AD15ACD2AB376A10063EF62 /* OrderView.swift in Sources */,
			);
			runOnlyForDeploymentPostprocessing = 0;
		};
		4AD15AA12AB330FE0063EF62 /* Sources */ = {
			isa = PBXSourcesBuildPhase;
			buildActionMask = 2147483647;
			files = (
				4AD15AD22AB376B00063EF62 /* CouponView.swift in Sources */,
				4AD15AAA2AB330FE0063EF62 /* merchantTests.swift in Sources */,
				4AD15ACE2AB376A10063EF62 /* OrderView.swift in Sources */,
			);
			runOnlyForDeploymentPostprocessing = 0;
		};
		4AD15AAB2AB330FE0063EF62 /* Sources */ = {
			isa = PBXSourcesBuildPhase;
			buildActionMask = 2147483647;
			files = (
				4AD15ACF2AB376A10063EF62 /* OrderView.swift in Sources */,
				4AD15AB62AB330FE0063EF62 /* merchantUITestsLaunchTests.swift in Sources */,
				4AD15AD32AB376B00063EF62 /* CouponView.swift in Sources */,
				4AD15AB42AB330FE0063EF62 /* merchantUITests.swift in Sources */,
			);
			runOnlyForDeploymentPostprocessing = 0;
		};
/* End PBXSourcesBuildPhase section */

/* Begin PBXTargetDependency section */
		4AD15AA72AB330FE0063EF62 /* PBXTargetDependency */ = {
			isa = PBXTargetDependency;
			target = 4AD15A942AB330FD0063EF62 /* merchant */;
			targetProxy = 4AD15AA62AB330FE0063EF62 /* PBXContainerItemProxy */;
		};
		4AD15AB12AB330FE0063EF62 /* PBXTargetDependency */ = {
			isa = PBXTargetDependency;
			target = 4AD15A942AB330FD0063EF62 /* merchant */;
			targetProxy = 4AD15AB02AB330FE0063EF62 /* PBXContainerItemProxy */;
		};
/* End PBXTargetDependency section */

/* Begin XCBuildConfiguration section */
		4AD15AB72AB330FE0063EF62 /* Debug */ = {
			isa = XCBuildConfiguration;
			buildSettings = {
				ALWAYS_SEARCH_USER_PATHS = NO;
				CLANG_ANALYZER_NONNULL = YES;
				CLANG_ANALYZER_NUMBER_OBJECT_CONVERSION = YES_AGGRESSIVE;
				CLANG_CXX_LANGUAGE_STANDARD = "gnu++20";
				CLANG_ENABLE_MODULES = YES;
				CLANG_ENABLE_OBJC_ARC = YES;
				CLANG_ENABLE_OBJC_WEAK = YES;
				CLANG_WARN_BLOCK_CAPTURE_AUTORELEASING = YES;
				CLANG_WARN_BOOL_CONVERSION = YES;
				CLANG_WARN_COMMA = YES;
				CLANG_WARN_CONSTANT_CONVERSION = YES;
				CLANG_WARN_DEPRECATED_OBJC_IMPLEMENTATIONS = YES;
				CLANG_WARN_DIRECT_OBJC_ISA_USAGE = YES_ERROR;
				CLANG_WARN_DOCUMENTATION_COMMENTS = YES;
				CLANG_WARN_EMPTY_BODY = YES;
				CLANG_WARN_ENUM_CONVERSION = YES;
				CLANG_WARN_INFINITE_RECURSION = YES;
				CLANG_WARN_INT_CONVERSION = YES;
				CLANG_WARN_NON_LITERAL_NULL_CONVERSION = YES;
				CLANG_WARN_OBJC_IMPLICIT_RETAIN_SELF = YES;
				CLANG_WARN_OBJC_LITERAL_CONVERSION = YES;
				CLANG_WARN_OBJC_ROOT_CLASS = YES_ERROR;
				CLANG_WARN_QUOTED_INCLUDE_IN_FRAMEWORK_HEADER = YES;
				CLANG_WARN_RANGE_LOOP_ANALYSIS = YES;
				CLANG_WARN_STRICT_PROTOTYPES = YES;
				CLANG_WARN_SUSPICIOUS_MOVE = YES;
				CLANG_WARN_UNGUARDED_AVAILABILITY = YES_AGGRESSIVE;
				CLANG_WARN_UNREACHABLE_CODE = YES;
				CLANG_WARN__DUPLICATE_METHOD_MATCH = YES;
				COPY_PHASE_STRIP = NO;
				DEBUG_INFORMATION_FORMAT = dwarf;
				ENABLE_STRICT_OBJC_MSGSEND = YES;
				ENABLE_TESTABILITY = YES;
				GCC_C_LANGUAGE_STANDARD = gnu11;
				GCC_DYNAMIC_NO_PIC = NO;
				GCC_NO_COMMON_BLOCKS = YES;
				GCC_OPTIMIZATION_LEVEL = 0;
				GCC_PREPROCESSOR_DEFINITIONS = (
					"DEBUG=1",
					"$(inherited)",
				);
				GCC_WARN_64_TO_32_BIT_CONVERSION = YES;
				GCC_WARN_ABOUT_RETURN_TYPE = YES_ERROR;
				GCC_WARN_UNDECLARED_SELECTOR = YES;
				GCC_WARN_UNINITIALIZED_AUTOS = YES_AGGRESSIVE;
				GCC_WARN_UNUSED_FUNCTION = YES;
				GCC_WARN_UNUSED_VARIABLE = YES;
				IPHONEOS_DEPLOYMENT_TARGET = 16.4;
				MTL_ENABLE_DEBUG_INFO = INCLUDE_SOURCE;
				MTL_FAST_MATH = YES;
				ONLY_ACTIVE_ARCH = YES;
				SDKROOT = iphoneos;
				SWIFT_ACTIVE_COMPILATION_CONDITIONS = DEBUG;
				SWIFT_OPTIMIZATION_LEVEL = "-Onone";
			};
			name = Debug;
		};
		4AD15AB82AB330FE0063EF62 /* Release */ = {
			isa = XCBuildConfiguration;
			buildSettings = {
				ALWAYS_SEARCH_USER_PATHS = NO;
				CLANG_ANALYZER_NONNULL = YES;
				CLANG_ANALYZER_NUMBER_OBJECT_CONVERSION = YES_AGGRESSIVE;
				CLANG_CXX_LANGUAGE_STANDARD = "gnu++20";
				CLANG_ENABLE_MODULES = YES;
				CLANG_ENABLE_OBJC_ARC = YES;
				CLANG_ENABLE_OBJC_WEAK = YES;
				CLANG_WARN_BLOCK_CAPTURE_AUTORELEASING = YES;
				CLANG_WARN_BOOL_CONVERSION = YES;
				CLANG_WARN_COMMA = YES;
				CLANG_WARN_CONSTANT_CONVERSION = YES;
				CLANG_WARN_DEPRECATED_OBJC_IMPLEMENTATIONS = YES;
				CLANG_WARN_DIRECT_OBJC_ISA_USAGE = YES_ERROR;
				CLANG_WARN_DOCUMENTATION_COMMENTS = YES;
				CLANG_WARN_EMPTY_BODY = YES;
				CLANG_WARN_ENUM_CONVERSION = YES;
				CLANG_WARN_INFINITE_RECURSION = YES;
				CLANG_WARN_INT_CONVERSION = YES;
				CLANG_WARN_NON_LITERAL_NULL_CONVERSION = YES;
				CLANG_WARN_OBJC_IMPLICIT_RETAIN_SELF = YES;
				CLANG_WARN_OBJC_LITERAL_CONVERSION = YES;
				CLANG_WARN_OBJC_ROOT_CLASS = YES_ERROR;
				CLANG_WARN_QUOTED_INCLUDE_IN_FRAMEWORK_HEADER = YES;
				CLANG_WARN_RANGE_LOOP_ANALYSIS = YES;
				CLANG_WARN_STRICT_PROTOTYPES = YES;
				CLANG_WARN_SUSPICIOUS_MOVE = YES;
				CLANG_WARN_UNGUARDED_AVAILABILITY = YES_AGGRESSIVE;
				CLANG_WARN_UNREACHABLE_CODE = YES;
				CLANG_WARN__DUPLICATE_METHOD_MATCH = YES;
				COPY_PHASE_STRIP = NO;
				DEBUG_INFORMATION_FORMAT = "dwarf-with-dsym";
				ENABLE_NS_ASSERTIONS = NO;
				ENABLE_STRICT_OBJC_MSGSEND = YES;
				GCC_C_LANGUAGE_STANDARD = gnu11;
				GCC_NO_COMMON_BLOCKS = YES;
				GCC_WARN_64_TO_32_BIT_CONVERSION = YES;
				GCC_WARN_ABOUT_RETURN_TYPE = YES_ERROR;
				GCC_WARN_UNDECLARED_SELECTOR = YES;
				GCC_WARN_UNINITIALIZED_AUTOS = YES_AGGRESSIVE;
				GCC_WARN_UNUSED_FUNCTION = YES;
				GCC_WARN_UNUSED_VARIABLE = YES;
				IPHONEOS_DEPLOYMENT_TARGET = 16.4;
				MTL_ENABLE_DEBUG_INFO = NO;
				MTL_FAST_MATH = YES;
				SDKROOT = iphoneos;
				SWIFT_COMPILATION_MODE = wholemodule;
				SWIFT_OPTIMIZATION_LEVEL = "-O";
				VALIDATE_PRODUCT = YES;
			};
			name = Release;
		};
		4AD15ABA2AB330FE0063EF62 /* Debug */ = {
			isa = XCBuildConfiguration;
			buildSettings = {
				ASSETCATALOG_COMPILER_APPICON_NAME = AppIcon;
				ASSETCATALOG_COMPILER_GLOBAL_ACCENT_COLOR_NAME = AccentColor;
				CODE_SIGN_STYLE = Automatic;
				CURRENT_PROJECT_VERSION = 1;
				DEVELOPMENT_ASSET_PATHS = "\"merchant/Preview Content\"";
				ENABLE_PREVIEWS = YES;
				GENERATE_INFOPLIST_FILE = YES;
				INFOPLIST_FILE = merchant/Info.plist;
				INFOPLIST_KEY_UIApplicationSceneManifest_Generation = YES;
				INFOPLIST_KEY_UIApplicationSupportsIndirectInputEvents = YES;
				INFOPLIST_KEY_UILaunchScreen_Generation = YES;
				INFOPLIST_KEY_UISupportedInterfaceOrientations_iPad = "UIInterfaceOrientationPortrait UIInterfaceOrientationPortraitUpsideDown UIInterfaceOrientationLandscapeLeft UIInterfaceOrientationLandscapeRight";
				INFOPLIST_KEY_UISupportedInterfaceOrientations_iPhone = "UIInterfaceOrientationPortrait UIInterfaceOrientationLandscapeLeft UIInterfaceOrientationLandscapeRight";
				LD_RUNPATH_SEARCH_PATHS = (
					"$(inherited)",
					"@executable_path/Frameworks",
				);
				MARKETING_VERSION = 1.0;
				PRODUCT_BUNDLE_IDENTIFIER = tinfood.rmit.merchant;
				PRODUCT_NAME = "$(TARGET_NAME)";
				SWIFT_EMIT_LOC_STRINGS = YES;
				SWIFT_VERSION = 5.0;
				TARGETED_DEVICE_FAMILY = "1,2";
			};
			name = Debug;
		};
		4AD15ABB2AB330FE0063EF62 /* Release */ = {
			isa = XCBuildConfiguration;
			buildSettings = {
				ASSETCATALOG_COMPILER_APPICON_NAME = AppIcon;
				ASSETCATALOG_COMPILER_GLOBAL_ACCENT_COLOR_NAME = AccentColor;
				CODE_SIGN_STYLE = Automatic;
				CURRENT_PROJECT_VERSION = 1;
				DEVELOPMENT_ASSET_PATHS = "\"merchant/Preview Content\"";
				ENABLE_PREVIEWS = YES;
				GENERATE_INFOPLIST_FILE = YES;
				INFOPLIST_FILE = merchant/Info.plist;
				INFOPLIST_KEY_UIApplicationSceneManifest_Generation = YES;
				INFOPLIST_KEY_UIApplicationSupportsIndirectInputEvents = YES;
				INFOPLIST_KEY_UILaunchScreen_Generation = YES;
				INFOPLIST_KEY_UISupportedInterfaceOrientations_iPad = "UIInterfaceOrientationPortrait UIInterfaceOrientationPortraitUpsideDown UIInterfaceOrientationLandscapeLeft UIInterfaceOrientationLandscapeRight";
				INFOPLIST_KEY_UISupportedInterfaceOrientations_iPhone = "UIInterfaceOrientationPortrait UIInterfaceOrientationLandscapeLeft UIInterfaceOrientationLandscapeRight";
				LD_RUNPATH_SEARCH_PATHS = (
					"$(inherited)",
					"@executable_path/Frameworks",
				);
				MARKETING_VERSION = 1.0;
				PRODUCT_BUNDLE_IDENTIFIER = tinfood.rmit.merchant;
				PRODUCT_NAME = "$(TARGET_NAME)";
				SWIFT_EMIT_LOC_STRINGS = YES;
				SWIFT_VERSION = 5.0;
				TARGETED_DEVICE_FAMILY = "1,2";
			};
			name = Release;
		};
		4AD15ABD2AB330FE0063EF62 /* Debug */ = {
			isa = XCBuildConfiguration;
			buildSettings = {
				ALWAYS_EMBED_SWIFT_STANDARD_LIBRARIES = YES;
				BUNDLE_LOADER = "$(TEST_HOST)";
				CODE_SIGN_STYLE = Automatic;
				CURRENT_PROJECT_VERSION = 1;
				GENERATE_INFOPLIST_FILE = YES;
				IPHONEOS_DEPLOYMENT_TARGET = 16.4;
				MARKETING_VERSION = 1.0;
				PRODUCT_BUNDLE_IDENTIFIER = tinfood.rmit.merchantTests;
				PRODUCT_NAME = "$(TARGET_NAME)";
				SWIFT_EMIT_LOC_STRINGS = NO;
				SWIFT_VERSION = 5.0;
				TARGETED_DEVICE_FAMILY = "1,2";
				TEST_HOST = "$(BUILT_PRODUCTS_DIR)/merchant.app/$(BUNDLE_EXECUTABLE_FOLDER_PATH)/merchant";
			};
			name = Debug;
		};
		4AD15ABE2AB330FE0063EF62 /* Release */ = {
			isa = XCBuildConfiguration;
			buildSettings = {
				ALWAYS_EMBED_SWIFT_STANDARD_LIBRARIES = YES;
				BUNDLE_LOADER = "$(TEST_HOST)";
				CODE_SIGN_STYLE = Automatic;
				CURRENT_PROJECT_VERSION = 1;
				GENERATE_INFOPLIST_FILE = YES;
				IPHONEOS_DEPLOYMENT_TARGET = 16.4;
				MARKETING_VERSION = 1.0;
				PRODUCT_BUNDLE_IDENTIFIER = tinfood.rmit.merchantTests;
				PRODUCT_NAME = "$(TARGET_NAME)";
				SWIFT_EMIT_LOC_STRINGS = NO;
				SWIFT_VERSION = 5.0;
				TARGETED_DEVICE_FAMILY = "1,2";
				TEST_HOST = "$(BUILT_PRODUCTS_DIR)/merchant.app/$(BUNDLE_EXECUTABLE_FOLDER_PATH)/merchant";
			};
			name = Release;
		};
		4AD15AC02AB330FE0063EF62 /* Debug */ = {
			isa = XCBuildConfiguration;
			buildSettings = {
				ALWAYS_EMBED_SWIFT_STANDARD_LIBRARIES = YES;
				CODE_SIGN_STYLE = Automatic;
				CURRENT_PROJECT_VERSION = 1;
				GENERATE_INFOPLIST_FILE = YES;
				MARKETING_VERSION = 1.0;
				PRODUCT_BUNDLE_IDENTIFIER = tinfood.rmit.merchantUITests;
				PRODUCT_NAME = "$(TARGET_NAME)";
				SWIFT_EMIT_LOC_STRINGS = NO;
				SWIFT_VERSION = 5.0;
				TARGETED_DEVICE_FAMILY = "1,2";
				TEST_TARGET_NAME = merchant;
			};
			name = Debug;
		};
		4AD15AC12AB330FE0063EF62 /* Release */ = {
			isa = XCBuildConfiguration;
			buildSettings = {
				ALWAYS_EMBED_SWIFT_STANDARD_LIBRARIES = YES;
				CODE_SIGN_STYLE = Automatic;
				CURRENT_PROJECT_VERSION = 1;
				GENERATE_INFOPLIST_FILE = YES;
				MARKETING_VERSION = 1.0;
				PRODUCT_BUNDLE_IDENTIFIER = tinfood.rmit.merchantUITests;
				PRODUCT_NAME = "$(TARGET_NAME)";
				SWIFT_EMIT_LOC_STRINGS = NO;
				SWIFT_VERSION = 5.0;
				TARGETED_DEVICE_FAMILY = "1,2";
				TEST_TARGET_NAME = merchant;
			};
			name = Release;
		};
/* End XCBuildConfiguration section */

/* Begin XCConfigurationList section */
		4AD15A902AB330FD0063EF62 /* Build configuration list for PBXProject "merchant" */ = {
			isa = XCConfigurationList;
			buildConfigurations = (
				4AD15AB72AB330FE0063EF62 /* Debug */,
				4AD15AB82AB330FE0063EF62 /* Release */,
			);
			defaultConfigurationIsVisible = 0;
			defaultConfigurationName = Release;
		};
		4AD15AB92AB330FE0063EF62 /* Build configuration list for PBXNativeTarget "merchant" */ = {
			isa = XCConfigurationList;
			buildConfigurations = (
				4AD15ABA2AB330FE0063EF62 /* Debug */,
				4AD15ABB2AB330FE0063EF62 /* Release */,
			);
			defaultConfigurationIsVisible = 0;
			defaultConfigurationName = Release;
		};
		4AD15ABC2AB330FE0063EF62 /* Build configuration list for PBXNativeTarget "merchantTests" */ = {
			isa = XCConfigurationList;
			buildConfigurations = (
				4AD15ABD2AB330FE0063EF62 /* Debug */,
				4AD15ABE2AB330FE0063EF62 /* Release */,
			);
			defaultConfigurationIsVisible = 0;
			defaultConfigurationName = Release;
		};
		4AD15ABF2AB330FE0063EF62 /* Build configuration list for PBXNativeTarget "merchantUITests" */ = {
			isa = XCConfigurationList;
			buildConfigurations = (
				4AD15AC02AB330FE0063EF62 /* Debug */,
				4AD15AC12AB330FE0063EF62 /* Release */,
			);
			defaultConfigurationIsVisible = 0;
			defaultConfigurationName = Release;
		};
/* End XCConfigurationList section */
	};
	rootObject = 4AD15A8D2AB330FD0063EF62 /* Project object */;
}
